
Microsoft Visual Studio Solution File, Format Version 12.00
# Visual Studio Version 17
VisualStudioVersion = 17.0.31903.59
MinimumVisualStudioVersion = 10.0.40219.1
Project("{FAE04EC0-301F-11D3-BF4B-00C04F79EFBC}") = "Syncfusion.FileManager.Providers", "Syncfusion.FileManager.Providers\Syncfusion.FileManager.Providers.csproj", "{A84B5A57-2B6C-4D49-BCBB-1F11CED4DA11}"
EndProject
Global
	GlobalSection(SolutionConfigurationPlatforms) = preSolution
		Debug|Any CPU = Debug|Any CPU
		Release|Any CPU = Release|Any CPU
	EndGlobalSection
	GlobalSection(ProjectConfigurationPlatforms) = postSolution
		{A84B5A57-2B6C-4D49-BCBB-1F11CED4DA11}.Debug|Any CPU.ActiveCfg = Debug|Any CPU
		{A84B5A57-2B6C-4D49-BCBB-1F11CED4DA11}.Debug|Any CPU.Build.0 = Debug|Any CPU
		{A84B5A57-2B6C-4D49-BCBB-1F11CED4DA11}.Release|Any CPU.ActiveCfg = Release|Any CPU
		{A84B5A57-2B6C-4D49-BCBB-1F11CED4DA11}.Release|Any CPU.Build.0 = Release|Any CPU
	EndGlobalSection
EndGlobal
